// !$*UTF8*$!
{
	archiveVersion = 1;
	classes = {
	};
	objectVersion = 46;
	objects = {

/* Begin PBXBuildFile section */
		8D1AC9700486D14A00FE50C9 /* Cocoa.framework in Frameworks */ = {isa = PBXBuildFile; fileRef = DD92D38A0106425D02CA0E72 /* Cocoa.framework */; };
		CDE41F8A27E2C30F006A50BE /* QSWebSearchSource.xib in Resources */ = {isa = PBXBuildFile; fileRef = CDE41F8927E2C30E006A50BE /* QSWebSearchSource.xib */; };
		E1812CB5076BDBFA00A8EFA8 /* QSWebSearchController.m in Sources */ = {isa = PBXBuildFile; fileRef = E1812CB3076BDBFA00A8EFA8 /* QSWebSearchController.m */; };
		E1812D47076BDEE700A8EFA8 /* QSURLSearchActions.m in Sources */ = {isa = PBXBuildFile; fileRef = E1812D45076BDEE700A8EFA8 /* QSURLSearchActions.m */; };
		E1B32EA1078CCD0A0076DA42 /* QSWebSearchPlugIn_Source.h in Resources */ = {isa = PBXBuildFile; fileRef = E1B32E9F078CCD0A0076DA42 /* QSWebSearchPlugIn_Source.h */; };
		E1B32EA2078CCD0A0076DA42 /* QSWebSearchPlugIn_Source.m in Sources */ = {isa = PBXBuildFile; fileRef = E1B32EA0078CCD0A0076DA42 /* QSWebSearchPlugIn_Source.m */; };
		E1F2DC1F078D977D007B9046 /* QSObjectSource.name.strings in Resources */ = {isa = PBXBuildFile; fileRef = E1F2DC1D078D977D007B9046 /* QSObjectSource.name.strings */; };
/* End PBXBuildFile section */

/* Begin PBXFileReference section */
		8D1AC9730486D14A00FE50C9 /* Info.plist */ = {isa = PBXFileReference; fileEncoding = 4; lastKnownFileType = text.plist; path = Info.plist; sourceTree = "<group>"; };
		8D1AC9740486D14A00FE50C9 /* Web Search Plugin.qsplugin */ = {isa = PBXFileReference; explicitFileType = wrapper.cfbundle; includeInIndex = 0; name = "Web Search Plugin.qsplugin"; path = "Web Search Plugin.bundle"; sourceTree = BUILT_PRODUCTS_DIR; };
		CDE41F8927E2C30E006A50BE /* QSWebSearchSource.xib */ = {isa = PBXFileReference; fileEncoding = 4; lastKnownFileType = file.xib; path = QSWebSearchSource.xib; sourceTree = "<group>"; };
		D426CD5D15EEA09200C07B58 /* Common.xcconfig */ = {isa = PBXFileReference; lastKnownFileType = text.xcconfig; path = Common.xcconfig; sourceTree = "<group>"; };
		D426CD5E15EEA09200C07B58 /* Debug.xcconfig */ = {isa = PBXFileReference; lastKnownFileType = text.xcconfig; path = Debug.xcconfig; sourceTree = "<group>"; };
		D426CD5F15EEA09200C07B58 /* Developer.xcconfig */ = {isa = PBXFileReference; lastKnownFileType = text.xcconfig; path = Developer.xcconfig; sourceTree = "<group>"; };
		D426CD6015EEA09200C07B58 /* QSPlugIn.xcconfig */ = {isa = PBXFileReference; lastKnownFileType = text.xcconfig; path = QSPlugIn.xcconfig; sourceTree = "<group>"; };
		D426CD6115EEA09200C07B58 /* Quicksilver.pch */ = {isa = PBXFileReference; lastKnownFileType = sourcecode.c.h; path = Quicksilver.pch; sourceTree = "<group>"; };
		D426CD6215EEA09200C07B58 /* Release.xcconfig */ = {isa = PBXFileReference; lastKnownFileType = text.xcconfig; path = Release.xcconfig; sourceTree = "<group>"; };
		DD92D38A0106425D02CA0E72 /* Cocoa.framework */ = {isa = PBXFileReference; lastKnownFileType = wrapper.framework; name = Cocoa.framework; path = /System/Library/Frameworks/Cocoa.framework; sourceTree = "<absolute>"; };
		E1812CB2076BDBFA00A8EFA8 /* QSWebSearchController.h */ = {isa = PBXFileReference; fileEncoding = 30; lastKnownFileType = sourcecode.c.h; path = QSWebSearchController.h; sourceTree = "<group>"; };
		E1812CB3076BDBFA00A8EFA8 /* QSWebSearchController.m */ = {isa = PBXFileReference; fileEncoding = 30; lastKnownFileType = sourcecode.c.objc; path = QSWebSearchController.m; sourceTree = "<group>"; };
		E1812D44076BDEE700A8EFA8 /* QSURLSearchActions.h */ = {isa = PBXFileReference; fileEncoding = 30; lastKnownFileType = sourcecode.c.h; path = QSURLSearchActions.h; sourceTree = "<group>"; };
		E1812D45076BDEE700A8EFA8 /* QSURLSearchActions.m */ = {isa = PBXFileReference; fileEncoding = 30; lastKnownFileType = sourcecode.c.objc; path = QSURLSearchActions.m; sourceTree = "<group>"; };
		E1B32E9F078CCD0A0076DA42 /* QSWebSearchPlugIn_Source.h */ = {isa = PBXFileReference; fileEncoding = 30; lastKnownFileType = sourcecode.c.h; path = QSWebSearchPlugIn_Source.h; sourceTree = "<group>"; };
		E1B32EA0078CCD0A0076DA42 /* QSWebSearchPlugIn_Source.m */ = {isa = PBXFileReference; fileEncoding = 30; lastKnownFileType = sourcecode.c.objc; path = QSWebSearchPlugIn_Source.m; sourceTree = "<group>"; };
		E1F2DC1E078D977D007B9046 /* English */ = {isa = PBXFileReference; fileEncoding = 30; lastKnownFileType = text.xml; name = English; path = English.lproj/QSObjectSource.name.strings; sourceTree = "<group>"; };
/* End PBXFileReference section */

/* Begin PBXFrameworksBuildPhase section */
		8D1AC96E0486D14A00FE50C9 /* Frameworks */ = {
			isa = PBXFrameworksBuildPhase;
			buildActionMask = 2147483647;
			files = (
				8D1AC9700486D14A00FE50C9 /* Cocoa.framework in Frameworks */,
			);
			runOnlyForDeploymentPostprocessing = 0;
		};
/* End PBXFrameworksBuildPhase section */

/* Begin PBXGroup section */
		0259C574FE90428111CA0C5A /* QSWebSearchPlugIn */ = {
			isa = PBXGroup;
			children = (
				D426CD5C15EEA09200C07B58 /* Configuration */,
				32DBCF9E0370C38000C91783 /* Classes */,
				0259C582FE90428111CA0C5A /* Resources */,
				1ED78706FE9D4A0611CA0C5A /* Products */,
				2E58F364FFB232C311CA0CBA /* Frameworks */,
			);
			name = QSWebSearchPlugIn;
			sourceTree = "<group>";
		};
		0259C582FE90428111CA0C5A /* Resources */ = {
			isa = PBXGroup;
			children = (
				CDE41F8927E2C30E006A50BE /* QSWebSearchSource.xib */,
				E1F2DC1D078D977D007B9046 /* QSObjectSource.name.strings */,
				8D1AC9730486D14A00FE50C9 /* Info.plist */,
			);
			name = Resources;
			sourceTree = "<group>";
		};
		1ED78706FE9D4A0611CA0C5A /* Products */ = {
			isa = PBXGroup;
			children = (
				8D1AC9740486D14A00FE50C9 /* Web Search Plugin.qsplugin */,
			);
			name = Products;
			sourceTree = "<group>";
		};
		2E58F364FFB232C311CA0CBA /* Frameworks */ = {
			isa = PBXGroup;
			children = (
				DD92D38A0106425D02CA0E72 /* Cocoa.framework */,
			);
			name = Frameworks;
			sourceTree = "<group>";
		};
		32DBCF9E0370C38000C91783 /* Classes */ = {
			isa = PBXGroup;
			children = (
				E1812CB2076BDBFA00A8EFA8 /* QSWebSearchController.h */,
				E1812CB3076BDBFA00A8EFA8 /* QSWebSearchController.m */,
				E1812D44076BDEE700A8EFA8 /* QSURLSearchActions.h */,
				E1812D45076BDEE700A8EFA8 /* QSURLSearchActions.m */,
				E1B32E9F078CCD0A0076DA42 /* QSWebSearchPlugIn_Source.h */,
				E1B32EA0078CCD0A0076DA42 /* QSWebSearchPlugIn_Source.m */,
			);
			name = Classes;
			sourceTree = "<group>";
		};
		D426CD5C15EEA09200C07B58 /* Configuration */ = {
			isa = PBXGroup;
			children = (
				D426CD5D15EEA09200C07B58 /* Common.xcconfig */,
				D426CD5E15EEA09200C07B58 /* Debug.xcconfig */,
				D426CD5F15EEA09200C07B58 /* Developer.xcconfig */,
				D426CD6015EEA09200C07B58 /* QSPlugIn.xcconfig */,
				D426CD6115EEA09200C07B58 /* Quicksilver.pch */,
				D426CD6215EEA09200C07B58 /* Release.xcconfig */,
			);
			name = Configuration;
			path = /private/tmp/QS/Configuration;
			sourceTree = "<absolute>";
		};
/* End PBXGroup section */

/* Begin PBXNativeTarget section */
		8D1AC9600486D14A00FE50C9 /* Web Search Plugin */ = {
			isa = PBXNativeTarget;
			buildConfigurationList = 7FFF25CC085E488700266176 /* Build configuration list for PBXNativeTarget "Web Search Plugin" */;
			buildPhases = (
				8D1AC9660486D14A00FE50C9 /* Resources */,
				8D1AC96A0486D14A00FE50C9 /* Sources */,
				8D1AC96E0486D14A00FE50C9 /* Frameworks */,
			);
			buildRules = (
			);
			dependencies = (
			);
			name = "Web Search Plugin";
			productInstallPath = "$(HOME)/Developer/Palettes";
			productName = QSWebSearchPlugIn;
			productReference = 8D1AC9740486D14A00FE50C9 /* Web Search Plugin.qsplugin */;
			productType = "com.apple.product-type.bundle";
		};
/* End PBXNativeTarget section */

/* Begin PBXProject section */
		0259C573FE90428111CA0C5A /* Project object */ = {
			isa = PBXProject;
			attributes = {
				LastUpgradeCheck = 0420;
				TargetAttributes = {
					8D1AC9600486D14A00FE50C9 = {
						ProvisioningStyle = Manual;
					};
				};
			};
			buildConfigurationList = 7FFF25D0085E488700266176 /* Build configuration list for PBXProject "WebSearchElement" */;
			compatibilityVersion = "Xcode 3.2";
			developmentRegion = English;
			hasScannedForEncodings = 1;
			knownRegions = (
				English,
				Japanese,
				French,
				German,
			);
			mainGroup = 0259C574FE90428111CA0C5A /* QSWebSearchPlugIn */;
			projectDirPath = "";
			projectRoot = "";
			targets = (
				8D1AC9600486D14A00FE50C9 /* Web Search Plugin */,
			);
		};
/* End PBXProject section */

/* Begin PBXResourcesBuildPhase section */
		8D1AC9660486D14A00FE50C9 /* Resources */ = {
			isa = PBXResourcesBuildPhase;
			buildActionMask = 2147483647;
			files = (
				E1B32EA1078CCD0A0076DA42 /* QSWebSearchPlugIn_Source.h in Resources */,
				E1F2DC1F078D977D007B9046 /* QSObjectSource.name.strings in Resources */,
				CDE41F8A27E2C30F006A50BE /* QSWebSearchSource.xib in Resources */,
			);
			runOnlyForDeploymentPostprocessing = 0;
		};
/* End PBXResourcesBuildPhase section */

/* Begin PBXSourcesBuildPhase section */
		8D1AC96A0486D14A00FE50C9 /* Sources */ = {
			isa = PBXSourcesBuildPhase;
			buildActionMask = 2147483647;
			files = (
				E1812CB5076BDBFA00A8EFA8 /* QSWebSearchController.m in Sources */,
				E1812D47076BDEE700A8EFA8 /* QSURLSearchActions.m in Sources */,
				E1B32EA2078CCD0A0076DA42 /* QSWebSearchPlugIn_Source.m in Sources */,
			);
			runOnlyForDeploymentPostprocessing = 0;
		};
/* End PBXSourcesBuildPhase section */

/* Begin PBXVariantGroup section */
		E1F2DC1D078D977D007B9046 /* QSObjectSource.name.strings */ = {
			isa = PBXVariantGroup;
			children = (
				E1F2DC1E078D977D007B9046 /* English */,
			);
			name = QSObjectSource.name.strings;
			sourceTree = "<group>";
		};
/* End PBXVariantGroup section */

/* Begin XCBuildConfiguration section */
		7F69A1980D1F078400D5C99E /* Debug */ = {
			isa = XCBuildConfiguration;
			baseConfigurationReference = D426CD5E15EEA09200C07B58 /* Debug.xcconfig */;
			buildSettings = {
			};
			name = Debug;
		};
		7F69A1990D1F078400D5C99E /* Debug */ = {
			isa = XCBuildConfiguration;
			baseConfigurationReference = D426CD6015EEA09200C07B58 /* QSPlugIn.xcconfig */;
			buildSettings = {
				PRODUCT_NAME = "$(TARGET_NAME)";
			};
			name = Debug;
		};
		7FFF25CE085E488700266176 /* Release */ = {
			isa = XCBuildConfiguration;
			baseConfigurationReference = D426CD6015EEA09200C07B58 /* QSPlugIn.xcconfig */;
			buildSettings = {
				PRODUCT_NAME = "$(TARGET_NAME)";
			};
			name = Release;
		};
		7FFF25D2085E488700266176 /* Release */ = {
			isa = XCBuildConfiguration;
			baseConfigurationReference = D426CD6215EEA09200C07B58 /* Release.xcconfig */;
			buildSettings = {
			};
			name = Release;
		};
/* End XCBuildConfiguration section */

/* Begin XCConfigurationList section */
		7FFF25CC085E488700266176 /* Build configuration list for PBXNativeTarget "Web Search Plugin" */ = {
			isa = XCConfigurationList;
			buildConfigurations = (
				7FFF25CE085E488700266176 /* Release */,
				7F69A1990D1F078400D5C99E /* Debug */,
			);
			defaultConfigurationIsVisible = 0;
			defaultConfigurationName = Debug;
		};
		7FFF25D0085E488700266176 /* Build configuration list for PBXProject "WebSearchElement" */ = {
			isa = XCConfigurationList;
			buildConfigurations = (
				7FFF25D2085E488700266176 /* Release */,
				7F69A1980D1F078400D5C99E /* Debug */,
			);
			defaultConfigurationIsVisible = 0;
			defaultConfigurationName = Debug;
		};
/* End XCConfigurationList section */
	};
	rootObject = 0259C573FE90428111CA0C5A /* Project object */;
}
